
Microsoft Visual Studio Solution File, Format Version 12.00
# Visual Studio Version 16
VisualStudioVersion = 16.0.30002.166
MinimumVisualStudioVersion = 10.0.40219.1
Project("{2150E333-8FDC-42A3-9474-1A3956D46DE8}") = "src", "src", "{1F32F974-1A66-4887-8DC2-A8BAB3AEE17D}"
EndProject
Project("{E53339B2-1760-4266-BCC7-CA923CBCF16C}") = "docker-compose", "docker-compose.dcproj", "{713E06C6-B77B-4923-AE68-AA92DD40E0AF}"
EndProject
Project("{2150E333-8FDC-42A3-9474-1A3956D46DE8}") = "ApiGateway", "ApiGateway", "{F703CBBB-1C02-46A3-A84F-5D27604F2F61}"
EndProject
Project("{9A19103F-16F7-4668-BE54-9A1E7A4F7556}") = "APIGateway", "src\ApiGateway\APIGateway\APIGateway.csproj", "{861423CF-AB49-4A41-8DA8-B4E63EF077EC}"
EndProject
Project("{2150E333-8FDC-42A3-9474-1A3956D46DE8}") = "User", "User", "{5693989F-5829-4A46-9DE6-D62DF8C0A493}"
EndProject
Project("{2150E333-8FDC-42A3-9474-1A3956D46DE8}") = "User.API", "User.API", "{BE671CA6-E0B9-4ECD-B9D7-92CDBF1F954B}"
EndProject
Project("{9A19103F-16F7-4668-BE54-9A1E7A4F7556}") = "UserApi", "src\User\User.API\UserApi.csproj", "{CB5438FA-C749-46E9-B0FA-8AC8AAEF66A2}"
EndProject
Project("{2150E333-8FDC-42A3-9474-1A3956D46DE8}") = "Material", "Material", "{01C02148-33FE-49F6-B420-6DA922A6AAB6}"
EndProject
Project("{2150E333-8FDC-42A3-9474-1A3956D46DE8}") = "Material.Api", "Material.Api", "{F193CFA3-510B-4A52-BD37-8B4012518634}"
EndProject
Project("{9A19103F-16F7-4668-BE54-9A1E7A4F7556}") = "MaterialApi", "src\Material\Material.Api\MaterialApi.csproj", "{F18FEE17-D6AA-4490-AE3F-3FA66868B534}"
EndProject
Project("{2150E333-8FDC-42A3-9474-1A3956D46DE8}") = "Done", "Done", "{4964857D-0CF0-464A-A816-8031FF67AE39}"
EndProject
Project("{2150E333-8FDC-42A3-9474-1A3956D46DE8}") = "Done.Api", "Done.Api", "{0F0307BC-E95B-4B21-9CE4-79B0464B67D0}"
EndProject
Project("{9A19103F-16F7-4668-BE54-9A1E7A4F7556}") = "DoneApi", "src\Done\Done.Api\DoneApi.csproj", "{FA462F5D-8AD8-4A9E-AF4D-CCFB995C6CCF}"
EndProject
Project("{2150E333-8FDC-42A3-9474-1A3956D46DE8}") = "Plan", "Plan", "{17ACE808-A9C7-4BBB-8B4C-0092312A1487}"
EndProject
Project("{2150E333-8FDC-42A3-9474-1A3956D46DE8}") = "Plan.Api", "Plan.Api", "{E8CB6C71-1316-4D01-859C-709648464C58}"
EndProject
Project("{9A19103F-16F7-4668-BE54-9A1E7A4F7556}") = "PlanApi", "src\Plan\Plan.Api\PlanApi.csproj", "{ADC69587-EAFC-4550-8EBA-E2E30BE2A991}"
EndProject
Project("{2150E333-8FDC-42A3-9474-1A3956D46DE8}") = "Preweight", "Preweight", "{515B9AEF-EE2C-49A1-9F58-81CC0D327C6A}"
EndProject
Project("{2150E333-8FDC-42A3-9474-1A3956D46DE8}") = "Preweight.Api", "Preweight.Api", "{95DAB56D-7985-40B4-B9BC-38C32876758C}"
EndProject
Project("{9A19103F-16F7-4668-BE54-9A1E7A4F7556}") = "PreweightApi", "src\Preweight\Preweight.Api\PreweightApi.csproj", "{12281DE3-F6AD-490B-970F-D284D9A80CCE}"
EndProject
Project("{2150E333-8FDC-42A3-9474-1A3956D46DE8}") = "Recipe", "Recipe", "{A21A8DB5-2F3C-4AED-B30D-F75A94904C0C}"
EndProject
Project("{2150E333-8FDC-42A3-9474-1A3956D46DE8}") = "Recipe.Api", "Recipe.Api", "{82B24073-663C-487A-B727-1A7958730420}"
EndProject
Project("{9A19103F-16F7-4668-BE54-9A1E7A4F7556}") = "RecipeApi", "src\Recipe\Recipe.Api\RecipeApi.csproj", "{1AA09434-EE80-48A3-A2CC-6BB534443850}"
EndProject
Project("{2150E333-8FDC-42A3-9474-1A3956D46DE8}") = "Warehouse", "Warehouse", "{A5F7ABC9-E774-445C-9E5F-505A3D631FAF}"
EndProject
Project("{2150E333-8FDC-42A3-9474-1A3956D46DE8}") = "Warehouse.Api", "Warehouse.Api", "{180BDBA9-BE6E-4FA8-8D7E-CF5B56506693}"
EndProject
Project("{9A19103F-16F7-4668-BE54-9A1E7A4F7556}") = "WarehouseApi", "src\Warehouse\Warehouse.Api\WarehouseApi.csproj", "{B5C87F7F-5B66-424D-841F-BD6B3598D7E9}"
EndProject
Global
	GlobalSection(SolutionConfigurationPlatforms) = preSolution
		Debug|Any CPU = Debug|Any CPU
		Release|Any CPU = Release|Any CPU
	EndGlobalSection
	GlobalSection(ProjectConfigurationPlatforms) = postSolution
		{713E06C6-B77B-4923-AE68-AA92DD40E0AF}.Debug|Any CPU.ActiveCfg = Debug|Any CPU
		{713E06C6-B77B-4923-AE68-AA92DD40E0AF}.Debug|Any CPU.Build.0 = Debug|Any CPU
		{713E06C6-B77B-4923-AE68-AA92DD40E0AF}.Release|Any CPU.ActiveCfg = Release|Any CPU
		{713E06C6-B77B-4923-AE68-AA92DD40E0AF}.Release|Any CPU.Build.0 = Release|Any CPU
		{861423CF-AB49-4A41-8DA8-B4E63EF077EC}.Debug|Any CPU.ActiveCfg = Debug|Any CPU
		{861423CF-AB49-4A41-8DA8-B4E63EF077EC}.Debug|Any CPU.Build.0 = Debug|Any CPU
		{861423CF-AB49-4A41-8DA8-B4E63EF077EC}.Release|Any CPU.ActiveCfg = Release|Any CPU
		{861423CF-AB49-4A41-8DA8-B4E63EF077EC}.Release|Any CPU.Build.0 = Release|Any CPU
		{CB5438FA-C749-46E9-B0FA-8AC8AAEF66A2}.Debug|Any CPU.ActiveCfg = Debug|Any CPU
		{CB5438FA-C749-46E9-B0FA-8AC8AAEF66A2}.Debug|Any CPU.Build.0 = Debug|Any CPU
		{CB5438FA-C749-46E9-B0FA-8AC8AAEF66A2}.Release|Any CPU.ActiveCfg = Release|Any CPU
		{CB5438FA-C749-46E9-B0FA-8AC8AAEF66A2}.Release|Any CPU.Build.0 = Release|Any CPU
		{F18FEE17-D6AA-4490-AE3F-3FA66868B534}.Debug|Any CPU.ActiveCfg = Debug|Any CPU
		{F18FEE17-D6AA-4490-AE3F-3FA66868B534}.Debug|Any CPU.Build.0 = Debug|Any CPU
		{F18FEE17-D6AA-4490-AE3F-3FA66868B534}.Release|Any CPU.ActiveCfg = Release|Any CPU
		{F18FEE17-D6AA-4490-AE3F-3FA66868B534}.Release|Any CPU.Build.0 = Release|Any CPU
		{FA462F5D-8AD8-4A9E-AF4D-CCFB995C6CCF}.Debug|Any CPU.ActiveCfg = Debug|Any CPU
		{FA462F5D-8AD8-4A9E-AF4D-CCFB995C6CCF}.Debug|Any CPU.Build.0 = Debug|Any CPU
		{FA462F5D-8AD8-4A9E-AF4D-CCFB995C6CCF}.Release|Any CPU.ActiveCfg = Release|Any CPU
		{FA462F5D-8AD8-4A9E-AF4D-CCFB995C6CCF}.Release|Any CPU.Build.0 = Release|Any CPU
		{ADC69587-EAFC-4550-8EBA-E2E30BE2A991}.Debug|Any CPU.ActiveCfg = Debug|Any CPU
		{ADC69587-EAFC-4550-8EBA-E2E30BE2A991}.Debug|Any CPU.Build.0 = Debug|Any CPU
		{ADC69587-EAFC-4550-8EBA-E2E30BE2A991}.Release|Any CPU.ActiveCfg = Release|Any CPU
		{ADC69587-EAFC-4550-8EBA-E2E30BE2A991}.Release|Any CPU.Build.0 = Release|Any CPU
		{12281DE3-F6AD-490B-970F-D284D9A80CCE}.Debug|Any CPU.ActiveCfg = Debug|Any CPU
		{12281DE3-F6AD-490B-970F-D284D9A80CCE}.Debug|Any CPU.Build.0 = Debug|Any CPU
		{12281DE3-F6AD-490B-970F-D284D9A80CCE}.Release|Any CPU.ActiveCfg = Release|Any CPU
		{12281DE3-F6AD-490B-970F-D284D9A80CCE}.Release|Any CPU.Build.0 = Release|Any CPU
		{1AA09434-EE80-48A3-A2CC-6BB534443850}.Debug|Any CPU.ActiveCfg = Debug|Any CPU
		{1AA09434-EE80-48A3-A2CC-6BB534443850}.Debug|Any CPU.Build.0 = Debug|Any CPU
		{1AA09434-EE80-48A3-A2CC-6BB534443850}.Release|Any CPU.ActiveCfg = Release|Any CPU
		{1AA09434-EE80-48A3-A2CC-6BB534443850}.Release|Any CPU.Build.0 = Release|Any CPU
		{B5C87F7F-5B66-424D-841F-BD6B3598D7E9}.Debug|Any CPU.ActiveCfg = Debug|Any CPU
		{B5C87F7F-5B66-424D-841F-BD6B3598D7E9}.Debug|Any CPU.Build.0 = Debug|Any CPU
		{B5C87F7F-5B66-424D-841F-BD6B3598D7E9}.Release|Any CPU.ActiveCfg = Release|Any CPU
		{B5C87F7F-5B66-424D-841F-BD6B3598D7E9}.Release|Any CPU.Build.0 = Release|Any CPU
	EndGlobalSection
	GlobalSection(SolutionProperties) = preSolution
		HideSolutionNode = FALSE
	EndGlobalSection
	GlobalSection(NestedProjects) = preSolution
		{F703CBBB-1C02-46A3-A84F-5D27604F2F61} = {1F32F974-1A66-4887-8DC2-A8BAB3AEE17D}
		{861423CF-AB49-4A41-8DA8-B4E63EF077EC} = {F703CBBB-1C02-46A3-A84F-5D27604F2F61}
		{5693989F-5829-4A46-9DE6-D62DF8C0A493} = {1F32F974-1A66-4887-8DC2-A8BAB3AEE17D}
		{BE671CA6-E0B9-4ECD-B9D7-92CDBF1F954B} = {5693989F-5829-4A46-9DE6-D62DF8C0A493}
		{CB5438FA-C749-46E9-B0FA-8AC8AAEF66A2} = {BE671CA6-E0B9-4ECD-B9D7-92CDBF1F954B}
		{01C02148-33FE-49F6-B420-6DA922A6AAB6} = {1F32F974-1A66-4887-8DC2-A8BAB3AEE17D}
		{F193CFA3-510B-4A52-BD37-8B4012518634} = {01C02148-33FE-49F6-B420-6DA922A6AAB6}
		{F18FEE17-D6AA-4490-AE3F-3FA66868B534} = {F193CFA3-510B-4A52-BD37-8B4012518634}
		{4964857D-0CF0-464A-A816-8031FF67AE39} = {1F32F974-1A66-4887-8DC2-A8BAB3AEE17D}
		{0F0307BC-E95B-4B21-9CE4-79B0464B67D0} = {4964857D-0CF0-464A-A816-8031FF67AE39}
		{FA462F5D-8AD8-4A9E-AF4D-CCFB995C6CCF} = {0F0307BC-E95B-4B21-9CE4-79B0464B67D0}
		{17ACE808-A9C7-4BBB-8B4C-0092312A1487} = {1F32F974-1A66-4887-8DC2-A8BAB3AEE17D}
		{E8CB6C71-1316-4D01-859C-709648464C58} = {17ACE808-A9C7-4BBB-8B4C-0092312A1487}
		{ADC69587-EAFC-4550-8EBA-E2E30BE2A991} = {E8CB6C71-1316-4D01-859C-709648464C58}
		{515B9AEF-EE2C-49A1-9F58-81CC0D327C6A} = {1F32F974-1A66-4887-8DC2-A8BAB3AEE17D}
		{95DAB56D-7985-40B4-B9BC-38C32876758C} = {515B9AEF-EE2C-49A1-9F58-81CC0D327C6A}
		{12281DE3-F6AD-490B-970F-D284D9A80CCE} = {95DAB56D-7985-40B4-B9BC-38C32876758C}
		{A21A8DB5-2F3C-4AED-B30D-F75A94904C0C} = {1F32F974-1A66-4887-8DC2-A8BAB3AEE17D}
		{82B24073-663C-487A-B727-1A7958730420} = {A21A8DB5-2F3C-4AED-B30D-F75A94904C0C}
		{1AA09434-EE80-48A3-A2CC-6BB534443850} = {82B24073-663C-487A-B727-1A7958730420}
		{A5F7ABC9-E774-445C-9E5F-505A3D631FAF} = {1F32F974-1A66-4887-8DC2-A8BAB3AEE17D}
		{180BDBA9-BE6E-4FA8-8D7E-CF5B56506693} = {A5F7ABC9-E774-445C-9E5F-505A3D631FAF}
		{B5C87F7F-5B66-424D-841F-BD6B3598D7E9} = {180BDBA9-BE6E-4FA8-8D7E-CF5B56506693}
	EndGlobalSection
	GlobalSection(ExtensibilityGlobals) = postSolution
		SolutionGuid = {976E779A-BDC9-44B4-A778-269979171BDE}
	EndGlobalSection
EndGlobal
